{
  "version": 4,
  "terraform_version": "1.5.7",
  "serial": 91,
  "lineage": "71ad0f77-daf2-c7fb-6209-89eda5e8188a",
  "outputs": {},
  "resources": [
    {
      "mode": "data",
      "type": "template_file",
      "name": "init",
      "provider": "provider[\"registry.terraform.io/hashicorp/template\"]",
      "instances": [
        {
          "schema_version": 0,
          "attributes": {
            "filename": null,
            "id": "da21e1fb6c16278ab574f5b118279ce13e88e6bea9b11398ac373641aef208ac",
            "rendered": "#!/bin/bash\n\n# Update the system\nyum update -y\n\n# Install Apache, PHP, and necessary PHP modules\nyum install -y httpd php php-mysqlnd php-fpm\n\n# Start and enable Apache\nsystemctl start httpd\nsystemctl enable httpd\n\n# Install MySQL client\nyum install -y mysql\n\n# Download and set up WordPress\ncd /tmp\nwget https://wordpress.org/latest.tar.gz\ntar -xzf latest.tar.gz\nmv wordpress/* /var/www/html/\n\n# Set permissions\nchown -R apache:apache /var/www/html/\nchmod -R 755 /var/www/html/\n\n# Create a wp-config.php file\ncd /var/www/html\ncp wp-config-sample.php wp-config.php\n\n# Update wp-config.php with database details\n# Note: Replace 'database_name_here', 'username_here', 'password_here', and 'localhost' with your actual RDS details\nsed -i 's/database_name_here/terraformwordpress/g' wp-config.php\nsed -i 's/username_here/wordpress/g' wp-config.php\nsed -i 's/password_here//g' wp-config.php\nsed -i 's/localhost/terraformwordpress.cpwadnhndhpd.us-east-1.rds.amazonaws.com/g' wp-config.php\n\n# Restart Apache\nsystemctl restart httpd\n\n# Clean up\nrm -rf /tmp/wordpress /tmp/latest.tar.gz\n",
            "template": "#!/bin/bash\n\n# Update the system\nyum update -y\n\n# Install Apache, PHP, and necessary PHP modules\nyum install -y httpd php php-mysqlnd php-fpm\n\n# Start and enable Apache\nsystemctl start httpd\nsystemctl enable httpd\n\n# Install MySQL client\nyum install -y mysql\n\n# Download and set up WordPress\ncd /tmp\nwget https://wordpress.org/latest.tar.gz\ntar -xzf latest.tar.gz\nmv wordpress/* /var/www/html/\n\n# Set permissions\nchown -R apache:apache /var/www/html/\nchmod -R 755 /var/www/html/\n\n# Create a wp-config.php file\ncd /var/www/html\ncp wp-config-sample.php wp-config.php\n\n# Update wp-config.php with database details\n# Note: Replace 'database_name_here', 'username_here', 'password_here', and 'localhost' with your actual RDS details\nsed -i 's/database_name_here/terraformwordpress/g' wp-config.php\nsed -i 's/username_here/wordpress/g' wp-config.php\nsed -i 's/password_here//g' wp-config.php\nsed -i 's/localhost/terraformwordpress.cpwadnhndhpd.us-east-1.rds.amazonaws.com/g' wp-config.php\n\n# Restart Apache\nsystemctl restart httpd\n\n# Clean up\nrm -rf /tmp/wordpress /tmp/latest.tar.gz\n",
            "vars": null
          },
          "sensitive_attributes": []
        }
      ]
    },
    {
      "mode": "managed",
      "type": "aws_db_instance",
      "name": "wordpress",
      "provider": "provider[\"registry.terraform.io/hashicorp/aws\"]",
      "instances": [
        {
          "schema_version": 2,
          "attributes": {
            "address": "terrawordpress.cpwadnhndhpd.us-east-1.rds.amazonaws.com",
            "allocated_storage": 20,
            "allow_major_version_upgrade": null,
            "apply_immediately": false,
            "arn": "arn:aws:rds:us-east-1:151911597338:db:terrawordpress",
            "auto_minor_version_upgrade": true,
            "availability_zone": "us-east-1b",
            "backup_retention_period": 0,
            "backup_target": "region",
            "backup_window": "10:04-10:34",
            "blue_green_update": [],
            "ca_cert_identifier": "rds-ca-2019",
            "character_set_name": "",
            "copy_tags_to_snapshot": false,
            "custom_iam_instance_profile": "",
            "customer_owned_ip_enabled": false,
            "db_name": "",
            "db_subnet_group_name": "default",
            "delete_automated_backups": true,
            "deletion_protection": false,
            "domain": "",
            "domain_iam_role_name": "",
            "enabled_cloudwatch_logs_exports": null,
            "endpoint": "terrawordpress.cpwadnhndhpd.us-east-1.rds.amazonaws.com:3306",
            "engine": "mysql",
            "engine_version": "5.7",
            "engine_version_actual": "5.7.42",
            "final_snapshot_identifier": null,
            "hosted_zone_id": "Z2R2ITUGPM61AM",
            "iam_database_authentication_enabled": false,
            "id": "db-YEUTTFPBJXTG5VYXPZ7IQHHK7Q",
            "identifier": "terrawordpress",
            "identifier_prefix": "",
            "instance_class": "db.t2.micro",
            "iops": 0,
            "kms_key_id": "",
            "latest_restorable_time": "",
            "license_model": "general-public-license",
            "listener_endpoint": [],
            "maintenance_window": "sat:03:47-sat:04:17",
            "manage_master_user_password": null,
            "master_user_secret": [],
            "master_user_secret_kms_key_id": null,
            "max_allocated_storage": 0,
            "monitoring_interval": 0,
            "monitoring_role_arn": "",
            "multi_az": false,
            "nchar_character_set_name": "",
            "network_type": "IPV4",
            "option_group_name": "default:mysql-5-7",
            "parameter_group_name": "default.mysql5.7",
            "password": "charlesasirifi",
            "performance_insights_enabled": false,
            "performance_insights_kms_key_id": "",
            "performance_insights_retention_period": 0,
            "port": 3306,
            "publicly_accessible": false,
            "replica_mode": "",
            "replicas": [],
            "replicate_source_db": "",
            "resource_id": "db-YEUTTFPBJXTG5VYXPZ7IQHHK7Q",
            "restore_to_point_in_time": [],
            "s3_import": [],
            "skip_final_snapshot": true,
            "snapshot_identifier": null,
            "status": "available",
            "storage_encrypted": false,
            "storage_throughput": 0,
            "storage_type": "gp2",
            "tags": null,
            "tags_all": {},
            "timeouts": null,
            "timezone": "",
            "username": "wordpress",
            "vpc_security_group_ids": [
              "sg-0ff45592c35b62380"
            ]
          },
          "sensitive_attributes": [],
          "private": "eyJlMmJmYjczMC1lY2FhLTExZTYtOGY4OC0zNDM2M2JjN2M0YzAiOnsiY3JlYXRlIjoyNDAwMDAwMDAwMDAwLCJkZWxldGUiOjM2MDAwMDAwMDAwMDAsInVwZGF0ZSI6NDgwMDAwMDAwMDAwMH0sInNjaGVtYV92ZXJzaW9uIjoiMiJ9",
          "dependencies": [
            "aws_security_group.rds_sg"
          ]
        }
      ]
    },
    {
      "mode": "managed",
      "type": "aws_instance",
      "name": "wordpress",
      "provider": "provider[\"registry.terraform.io/hashicorp/aws\"]",
      "instances": [
        {
          "schema_version": 1,
          "attributes": {
            "ami": "ami-03a6eaae9938c858c",
            "arn": "arn:aws:ec2:us-east-1:151911597338:instance/i-0c0034fd7f5ce1572",
            "associate_public_ip_address": true,
            "availability_zone": "us-east-1d",
            "capacity_reservation_specification": [
              {
                "capacity_reservation_preference": "open",
                "capacity_reservation_target": []
              }
            ],
            "cpu_core_count": 1,
            "cpu_options": [
              {
                "amd_sev_snp": "",
                "core_count": 1,
                "threads_per_core": 1
              }
            ],
            "cpu_threads_per_core": 1,
            "credit_specification": [
              {
                "cpu_credits": "standard"
              }
            ],
            "disable_api_stop": false,
            "disable_api_termination": false,
            "ebs_block_device": [],
            "ebs_optimized": false,
            "enclave_options": [
              {
                "enabled": false
              }
            ],
            "ephemeral_block_device": [],
            "get_password_data": false,
            "hibernation": false,
            "host_id": "",
            "host_resource_group_arn": null,
            "iam_instance_profile": "",
            "id": "i-0c0034fd7f5ce1572",
            "instance_initiated_shutdown_behavior": "stop",
            "instance_lifecycle": "",
            "instance_market_options": [],
            "instance_state": "running",
            "instance_type": "t2.micro",
            "ipv6_address_count": 0,
            "ipv6_addresses": [],
            "key_name": "deployer-key",
            "launch_template": [],
            "maintenance_options": [
              {
                "auto_recovery": "default"
              }
            ],
            "metadata_options": [
              {
                "http_endpoint": "enabled",
                "http_protocol_ipv6": "disabled",
                "http_put_response_hop_limit": 2,
                "http_tokens": "required",
                "instance_metadata_tags": "disabled"
              }
            ],
            "monitoring": false,
            "network_interface": [],
            "outpost_arn": "",
            "password_data": "",
            "placement_group": "",
            "placement_partition_number": 0,
            "primary_network_interface_id": "eni-09f666b1e62450450",
            "private_dns": "ip-172-31-89-206.ec2.internal",
            "private_dns_name_options": [
              {
                "enable_resource_name_dns_a_record": false,
                "enable_resource_name_dns_aaaa_record": false,
                "hostname_type": "ip-name"
              }
            ],
            "private_ip": "172.31.89.206",
            "public_dns": "ec2-54-89-138-49.compute-1.amazonaws.com",
            "public_ip": "54.89.138.49",
            "root_block_device": [
              {
                "delete_on_termination": true,
                "device_name": "/dev/xvda",
                "encrypted": false,
                "iops": 3000,
                "kms_key_id": "",
                "tags": {},
                "throughput": 125,
                "volume_id": "vol-082dbe452d9e1dd10",
                "volume_size": 8,
                "volume_type": "gp3"
              }
            ],
            "secondary_private_ips": [],
            "security_groups": [
              "wordpress"
            ],
            "source_dest_check": true,
            "spot_instance_request_id": "",
            "subnet_id": "subnet-023a5614e777db685",
            "tags": {
              "Name": "TerraformWordPress"
            },
            "tags_all": {
              "Name": "TerraformWordPress"
            },
            "tenancy": "default",
            "timeouts": null,
            "user_data": "cca6bb4a5fbc47efaadba98d08aea29be5bdc56a",
            "user_data_base64": null,
            "user_data_replace_on_change": false,
            "volume_tags": null,
            "vpc_security_group_ids": [
              "sg-0ee08ad1784a9d914"
            ]
          },
          "sensitive_attributes": [],
          "private": "eyJlMmJmYjczMC1lY2FhLTExZTYtOGY4OC0zNDM2M2JjN2M0YzAiOnsiY3JlYXRlIjo2MDAwMDAwMDAwMDAsImRlbGV0ZSI6MTIwMDAwMDAwMDAwMCwidXBkYXRlIjo2MDAwMDAwMDAwMDB9LCJzY2hlbWFfdmVyc2lvbiI6IjEifQ==",
          "dependencies": [
            "aws_key_pair.deployer",
            "aws_security_group.wordpress",
            "data.template_file.init"
          ]
        }
      ]
    },
    {
      "mode": "managed",
      "type": "aws_key_pair",
      "name": "deployer",
      "provider": "provider[\"registry.terraform.io/hashicorp/aws\"]",
      "instances": [
        {
          "schema_version": 1,
          "attributes": {
            "arn": "arn:aws:ec2:us-east-1:151911597338:key-pair/deployer-key",
            "fingerprint": "df:5a:6a:ba:6b:7c:7d:cb:40:b8:21:90:d7:c5:c3:dc",
            "id": "deployer-key",
            "key_name": "deployer-key",
            "key_name_prefix": "",
            "key_pair_id": "key-0f8605b6d99ae46bb",
            "key_type": "rsa",
            "public_key": "ssh-rsa AAAAB3NzaC1yc2EAAAADAQABAAACAQC5BsRW9smqMhfSYN48mY17AapJLha66So0+9wTEldZbbUuQgH/bFFoor3KeOHpZzK86RmkbEAxvzzcCj6ZmRVy0WYd6+UcfltAbFVRj4O/Fz9XoDq5Oru46OrFTCLU8ZlveqIeZm3PMGY4C/8WbTDf670wpJEqj9RkBrIVWPqAPQTHc2gdXyxyTuK5M3q254IgFUU6DCqFi6twVtr9H+mFMHUTxNWrZQtMuj/mLz/gepWGlHSbVhh1STtnYhsbAEBBFZuDhqeELgAfaGpRpvqA49C7s9rrXEjRk/RaPAr/uLL9NeANDCf8RevBzVFnofm42guJuPn45kHZIL5tidk+neejIw0ViYImQWDGR+oraxchpJdPexiEXemb5QRNtzWbQNCaKHdk7sl/UOR34HtOxlqhcrbXDouL93h1guQle+ePZ59bfCQfDxOpBp0iyRRdDQyqzXVJeKDjq7mO2kIOx/mn0KUNAtBNjbWZ1OSWPwVWcjP0h1d1sFrfsQxh8LtKmnrmee6iUkzU2Jm9O16G8aDDM1zSIgSb1tSszH4GKHD6BDCaAk9LhKglT9D3gbpql/5Fv4evfvns/AQSBSYSyOWaEEhaPs+o1Y8hLiD84ZT8939SR8Gu8bZIDmlLcCfeybm2nQmR/ZeS/YOAkzZiELOpWsgHz1qwn+0jwRvOzw== ascharles@Charles",
            "tags": {},
            "tags_all": {}
          },
          "sensitive_attributes": [],
          "private": "eyJzY2hlbWFfdmVyc2lvbiI6IjEifQ=="
        }
      ]
    },
    {
      "mode": "managed",
      "type": "aws_security_group",
      "name": "rds_sg",
      "provider": "provider[\"registry.terraform.io/hashicorp/aws\"]",
      "instances": [
        {
          "schema_version": 1,
          "attributes": {
            "arn": "arn:aws:ec2:us-east-1:151911597338:security-group/sg-0ff45592c35b62380",
            "description": "Security group for RDS instance",
            "egress": [],
            "id": "sg-0ff45592c35b62380",
            "ingress": [
              {
                "cidr_blocks": [],
                "description": "",
                "from_port": 3306,
                "ipv6_cidr_blocks": [],
                "prefix_list_ids": [],
                "protocol": "tcp",
                "security_groups": [
                  "sg-0ee08ad1784a9d914"
                ],
                "self": false,
                "to_port": 3306
              }
            ],
            "name": "rds-sg",
            "name_prefix": "",
            "owner_id": "151911597338",
            "revoke_rules_on_delete": false,
            "tags": {
              "Name": "rds-sg"
            },
            "tags_all": {
              "Name": "rds-sg"
            },
            "timeouts": null,
            "vpc_id": "vpc-0dcc725a5d66f9535"
          },
          "sensitive_attributes": [],
          "private": "eyJlMmJmYjczMC1lY2FhLTExZTYtOGY4OC0zNDM2M2JjN2M0YzAiOnsiY3JlYXRlIjo2MDAwMDAwMDAwMDAsImRlbGV0ZSI6OTAwMDAwMDAwMDAwfSwic2NoZW1hX3ZlcnNpb24iOiIxIn0=",
          "dependencies": [
            "aws_security_group.wordpress"
          ]
        }
      ]
    },
    {
      "mode": "managed",
      "type": "aws_security_group",
      "name": "wordpress",
      "provider": "provider[\"registry.terraform.io/hashicorp/aws\"]",
      "instances": [
        {
          "schema_version": 1,
          "attributes": {
            "arn": "arn:aws:ec2:us-east-1:151911597338:security-group/sg-0ee08ad1784a9d914",
            "description": "Allow SSH, HTTP, and HTTPS",
            "egress": [
              {
                "cidr_blocks": [
                  "0.0.0.0/0"
                ],
                "description": "",
                "from_port": 0,
                "ipv6_cidr_blocks": [],
                "prefix_list_ids": [],
                "protocol": "-1",
                "security_groups": [],
                "self": false,
                "to_port": 0
              }
            ],
            "id": "sg-0ee08ad1784a9d914",
            "ingress": [
              {
                "cidr_blocks": [
                  "0.0.0.0/0"
                ],
                "description": "",
                "from_port": 22,
                "ipv6_cidr_blocks": [],
                "prefix_list_ids": [],
                "protocol": "tcp",
                "security_groups": [],
                "self": false,
                "to_port": 22
              },
              {
                "cidr_blocks": [
                  "0.0.0.0/0"
                ],
                "description": "",
                "from_port": 443,
                "ipv6_cidr_blocks": [],
                "prefix_list_ids": [],
                "protocol": "tcp",
                "security_groups": [],
                "self": false,
                "to_port": 443
              },
              {
                "cidr_blocks": [
                  "0.0.0.0/0"
                ],
                "description": "",
                "from_port": 80,
                "ipv6_cidr_blocks": [],
                "prefix_list_ids": [],
                "protocol": "tcp",
                "security_groups": [],
                "self": false,
                "to_port": 80
              }
            ],
            "name": "wordpress",
            "name_prefix": "",
            "owner_id": "151911597338",
            "revoke_rules_on_delete": false,
            "tags": {},
            "tags_all": {},
            "timeouts": null,
            "vpc_id": "vpc-0dcc725a5d66f9535"
          },
          "sensitive_attributes": [],
          "private": "eyJlMmJmYjczMC1lY2FhLTExZTYtOGY4OC0zNDM2M2JjN2M0YzAiOnsiY3JlYXRlIjo2MDAwMDAwMDAwMDAsImRlbGV0ZSI6OTAwMDAwMDAwMDAwfSwic2NoZW1hX3ZlcnNpb24iOiIxIn0="
        }
      ]
    },
    {
      "mode": "managed",
      "type": "aws_security_group_rule",
      "name": "allow_mysql",
      "provider": "provider[\"registry.terraform.io/hashicorp/aws\"]",
      "instances": [
        {
          "schema_version": 2,
          "attributes": {
            "cidr_blocks": [
              "54.89.138.49/32"
            ],
            "description": null,
            "from_port": 3306,
            "id": "sgrule-3307952458",
            "ipv6_cidr_blocks": null,
            "prefix_list_ids": null,
            "protocol": "tcp",
            "security_group_id": "sg-0ff45592c35b62380",
            "security_group_rule_id": "sgr-046182990522abd69",
            "self": false,
            "source_security_group_id": null,
            "timeouts": null,
            "to_port": 3306,
            "type": "ingress"
          },
          "sensitive_attributes": [],
          "private": "eyJlMmJmYjczMC1lY2FhLTExZTYtOGY4OC0zNDM2M2JjN2M0YzAiOnsiY3JlYXRlIjozMDAwMDAwMDAwMDB9LCJzY2hlbWFfdmVyc2lvbiI6IjIifQ==",
          "dependencies": [
            "aws_db_instance.wordpress",
            "aws_instance.wordpress",
            "aws_security_group.rds_sg"
          ]
        }
      ]
    },
    {
      "mode": "managed",
      "type": "aws_subnet",
      "name": "subnet_2",
      "provider": "provider[\"registry.terraform.io/hashicorp/aws\"]",
      "instances": [
        {
          "schema_version": 1,
          "attributes": {
            "arn": "arn:aws:ec2:us-east-1:151911597338:subnet/subnet-0ff0578c4fea3d3fd",
            "assign_ipv6_address_on_creation": false,
            "availability_zone": "us-east-1e",
            "availability_zone_id": "use1-az3",
            "cidr_block": "172.31.96.0/20",
            "customer_owned_ipv4_pool": "",
            "enable_dns64": false,
            "enable_lni_at_device_index": 0,
            "enable_resource_name_dns_a_record_on_launch": false,
            "enable_resource_name_dns_aaaa_record_on_launch": false,
            "id": "subnet-0ff0578c4fea3d3fd",
            "ipv6_cidr_block": "",
            "ipv6_cidr_block_association_id": "",
            "ipv6_native": false,
            "map_customer_owned_ip_on_launch": false,
            "map_public_ip_on_launch": true,
            "outpost_arn": "",
            "owner_id": "151911597338",
            "private_dns_hostname_type_on_launch": "ip-name",
            "tags": {
              "Name": "MySecondSubnet"
            },
            "tags_all": {
              "Name": "MySecondSubnet"
            },
            "timeouts": null,
            "vpc_id": "vpc-0dcc725a5d66f9535"
          },
          "sensitive_attributes": [],
          "private": "eyJlMmJmYjczMC1lY2FhLTExZTYtOGY4OC0zNDM2M2JjN2M0YzAiOnsiY3JlYXRlIjo2MDAwMDAwMDAwMDAsImRlbGV0ZSI6MTIwMDAwMDAwMDAwMH0sInNjaGVtYV92ZXJzaW9uIjoiMSJ9"
        }
      ]
    }
  ],
  "check_results": null
}
